
Microsoft Visual Studio Solution File, Format Version 12.00
# Visual Studio Version 17
VisualStudioVersion = 17.1.32228.430
MinimumVisualStudioVersion = 10.0.40219.1
Project("{9A19103F-16F7-4668-BE54-9A1E7A4F7556}") = "DepotDownloaderIPC", "DepotDownloaderIPC\DepotDownloaderIPC.csproj", "{51487CAE-4E84-474D-871B-B70FEFAA49B2}"
	ProjectSection(ProjectDependencies) = postProject
		{D36278D9-EF02-4889-87E4-A1D830608CB8} = {D36278D9-EF02-4889-87E4-A1D830608CB8}
	EndProjectSection
EndProject
Project("{9A19103F-16F7-4668-BE54-9A1E7A4F7556}") = "DepotDownloader", "DepotDownloader\DepotDownloader.csproj", "{9AA804B5-F465-458F-9E61-A093B2BB630D}"
	ProjectSection(ProjectDependencies) = postProject
		{D36278D9-EF02-4889-87E4-A1D830608CB8} = {D36278D9-EF02-4889-87E4-A1D830608CB8}
	EndProjectSection
EndProject
Project("{9A19103F-16F7-4668-BE54-9A1E7A4F7556}") = "Common", "Common\Common.csproj", "{D36278D9-EF02-4889-87E4-A1D830608CB8}"
EndProject
Project("{2150E333-8FDC-42A3-9474-1A3956D46DE8}") = "Solution Items", "Solution Items", "{F86282B7-C2DD-4B1C-8A7F-72604729C563}"
	ProjectSection(SolutionItems) = preProject
		.editorconfig = .editorconfig
	EndProjectSection
EndProject
Global
	GlobalSection(SolutionConfigurationPlatforms) = preSolution
		Debug|Any CPU = Debug|Any CPU
		Release|Any CPU = Release|Any CPU
	EndGlobalSection
	GlobalSection(ProjectConfigurationPlatforms) = postSolution
		{51487CAE-4E84-474D-871B-B70FEFAA49B2}.Debug|Any CPU.ActiveCfg = Debug|Any CPU
		{51487CAE-4E84-474D-871B-B70FEFAA49B2}.Debug|Any CPU.Build.0 = Debug|Any CPU
		{51487CAE-4E84-474D-871B-B70FEFAA49B2}.Release|Any CPU.ActiveCfg = Release|Any CPU
		{51487CAE-4E84-474D-871B-B70FEFAA49B2}.Release|Any CPU.Build.0 = Release|Any CPU
		{9AA804B5-F465-458F-9E61-A093B2BB630D}.Debug|Any CPU.ActiveCfg = Debug|Any CPU
		{9AA804B5-F465-458F-9E61-A093B2BB630D}.Debug|Any CPU.Build.0 = Debug|Any CPU
		{9AA804B5-F465-458F-9E61-A093B2BB630D}.Release|Any CPU.ActiveCfg = Release|Any CPU
		{9AA804B5-F465-458F-9E61-A093B2BB630D}.Release|Any CPU.Build.0 = Release|Any CPU
		{D36278D9-EF02-4889-87E4-A1D830608CB8}.Debug|Any CPU.ActiveCfg = Debug|Any CPU
		{D36278D9-EF02-4889-87E4-A1D830608CB8}.Debug|Any CPU.Build.0 = Debug|Any CPU
		{D36278D9-EF02-4889-87E4-A1D830608CB8}.Release|Any CPU.ActiveCfg = Release|Any CPU
		{D36278D9-EF02-4889-87E4-A1D830608CB8}.Release|Any CPU.Build.0 = Release|Any CPU
	EndGlobalSection
	GlobalSection(SolutionProperties) = preSolution
		HideSolutionNode = FALSE
	EndGlobalSection
	GlobalSection(ExtensibilityGlobals) = postSolution
		SolutionGuid = {D6A7CDFB-EDC7-42D9-84CD-E48E69F22E86}
	EndGlobalSection
EndGlobal
